
Microsoft Visual Studio Solution File, Format Version 12.00
# Visual Studio Version 17
VisualStudioVersion = 17.2.32616.157
MinimumVisualStudioVersion = 10.0.40219.1
Project("{FAE04EC0-301F-11D3-BF4B-00C04F79EFBC}") = "JsonSqlQuery", "Development Platform\JSON\JsonSqlQuery\JsonSqlQuery.csproj", "{56A4F7E6-7C4A-48A2-BC27-78AFE719076F}"
EndProject
Project("{9A19103F-16F7-4668-BE54-9A1E7A4F7556}") = "DabCreateCosmosDatabase", "Development Platform\Data API Builder\DAB - Azure Cosmos DB\DabCreateCosmosDatabase\DabCreateCosmosDatabase.csproj", "{C4DB518B-3380-4DA9-B2BC-A4794C50E791}"
EndProject
Project("{2150E333-8FDC-42A3-9474-1A3956D46DE8}") = "Beyond Relational", "Beyond Relational", "{C7067F32-F3E0-4E0A-8849-A7D2E0F19160}"
EndProject
Project("{FAE04EC0-301F-11D3-BF4B-00C04F79EFBC}") = "EventMediaSpatialApp", "Development Platform\Beyond Relational\EventMediaSpatialApp\EventMediaSpatialApp.csproj", "{6927037A-0299-4ED6-9EDD-9B47EE015C45}"
EndProject
Project("{2150E333-8FDC-42A3-9474-1A3956D46DE8}") = "PhotoLibrary", "PhotoLibrary", "{6929797F-F508-4E20-BC24-61FA32B87A1F}"
EndProject
Project("{FAE04EC0-301F-11D3-BF4B-00C04F79EFBC}") = "PhotoLibraryWin", "Development Platform\Beyond Relational\PhotoLibrary\PhotoLibraryWin\PhotoLibraryWin.csproj", "{F1CDE011-41B7-449B-9A0F-C15268A470E1}"
EndProject
Project("{FAE04EC0-301F-11D3-BF4B-00C04F79EFBC}") = "PhotoLibraryWeb", "Development Platform\Beyond Relational\PhotoLibrary\PhotoLibraryWeb\PhotoLibraryWeb.csproj", "{069CCDE4-F25E-4F70-83AC-0D48E8ACA6BC}"
EndProject
Project("{FAE04EC0-301F-11D3-BF4B-00C04F79EFBC}") = "PhotoLibraryWpf", "Development Platform\Beyond Relational\PhotoLibrary\PhotoLibraryWpf\PhotoLibraryWpf.csproj", "{8E2074BE-5564-4A6A-A001-3EB495FE11FB}"
EndProject
Project("{9A19103F-16F7-4668-BE54-9A1E7A4F7556}") = "TVPsWithBizCollection", "Development Platform\T-SQL\2008\TVP\TVPsWithBizCollection\TVPsWithBizCollection.csproj", "{A41240FB-40C4-4874-8C39-BB632FF7CC0C}"
EndProject
Project("{9A19103F-16F7-4668-BE54-9A1E7A4F7556}") = "TVPsWithDataTable", "Development Platform\T-SQL\2008\TVP\TVPsWithDataTable\TVPsWithDataTable.csproj", "{97725516-1C32-4B2D-9A57-B6768664BB0E}"
EndProject
Project("{9A19103F-16F7-4668-BE54-9A1E7A4F7556}") = "RLSClient", "Security Features\Row Level Security\RLSClient\RLSClient.csproj", "{81D1FA15-0688-4C67-B16A-C8D3A2F3A798}"
EndProject
Project("{9A19103F-16F7-4668-BE54-9A1E7A4F7556}") = "AEClient", "Security Features\Always Encrypted\AEClient\AEClient.csproj", "{6108A51B-4D59-4F82-B3E3-DA9D79097D7E}"
EndProject
Project("{9A19103F-16F7-4668-BE54-9A1E7A4F7556}") = "BingMapsMashup", "Development Platform\Beyond Relational\BingMapsMashup\BingMapsMashup.csproj", "{222A26C2-66FA-4B8F-88E0-E0B863E8122D}"
EndProject
Project("{2150E333-8FDC-42A3-9474-1A3956D46DE8}") = "Security Features", "Security Features", "{5926DA5B-A74D-4B06-9AC5-CB419746EB64}"
EndProject
Project("{2150E333-8FDC-42A3-9474-1A3956D46DE8}") = "JSON SQL Query IDE", "JSON SQL Query IDE", "{5AA5ACBE-9937-4C16-A3A2-2C890519CB61}"
EndProject
Project("{2150E333-8FDC-42A3-9474-1A3956D46DE8}") = "Table Valued Parameters", "Table Valued Parameters", "{5786C061-17CF-4336-967F-CF42079897E8}"
EndProject
Project("{2150E333-8FDC-42A3-9474-1A3956D46DE8}") = "Data API Builder", "Data API Builder", "{04CA0973-D857-4965-9C28-F4408BF7658C}"
EndProject
Project("{2150E333-8FDC-42A3-9474-1A3956D46DE8}") = "Data Virtualization", "Data Virtualization", "{6CA50E98-105B-4742-A624-2ADB8BDB08DC}"
EndProject
Project("{9A19103F-16F7-4668-BE54-9A1E7A4F7556}") = "PolyBaseMongoDB", "Data Virtualization\PolyBaseMongoDB\PolyBaseMongoDB.csproj", "{6271DB0D-89F1-45BC-AABF-833199DA8754}"
EndProject
Project("{2150E333-8FDC-42A3-9474-1A3956D46DE8}") = "Change Event Streaming", "Change Event Streaming", "{B4DF7A01-F9C4-4BFB-8145-A488A347BF6B}"
EndProject
Project("{FAE04EC0-301F-11D3-BF4B-00C04F79EFBC}") = "CESClient", "Development Platform\Change Event Streaming\CESClient\CESClient.csproj", "{D87096B1-3DE9-4516-9470-6DE6706533AD}"
EndProject
Global
	GlobalSection(SolutionConfigurationPlatforms) = preSolution
		Debug|Any CPU = Debug|Any CPU
		Debug|x86 = Debug|x86
		Release|Any CPU = Release|Any CPU
		Release|x86 = Release|x86
	EndGlobalSection
	GlobalSection(ProjectConfigurationPlatforms) = postSolution
		{56A4F7E6-7C4A-48A2-BC27-78AFE719076F}.Debug|Any CPU.ActiveCfg = Debug|Any CPU
		{56A4F7E6-7C4A-48A2-BC27-78AFE719076F}.Debug|Any CPU.Build.0 = Debug|Any CPU
		{56A4F7E6-7C4A-48A2-BC27-78AFE719076F}.Debug|x86.ActiveCfg = Debug|Any CPU
		{56A4F7E6-7C4A-48A2-BC27-78AFE719076F}.Debug|x86.Build.0 = Debug|Any CPU
		{56A4F7E6-7C4A-48A2-BC27-78AFE719076F}.Release|Any CPU.ActiveCfg = Release|Any CPU
		{56A4F7E6-7C4A-48A2-BC27-78AFE719076F}.Release|Any CPU.Build.0 = Release|Any CPU
		{56A4F7E6-7C4A-48A2-BC27-78AFE719076F}.Release|x86.ActiveCfg = Release|Any CPU
		{56A4F7E6-7C4A-48A2-BC27-78AFE719076F}.Release|x86.Build.0 = Release|Any CPU
		{C4DB518B-3380-4DA9-B2BC-A4794C50E791}.Debug|Any CPU.ActiveCfg = Debug|Any CPU
		{C4DB518B-3380-4DA9-B2BC-A4794C50E791}.Debug|Any CPU.Build.0 = Debug|Any CPU
		{C4DB518B-3380-4DA9-B2BC-A4794C50E791}.Debug|x86.ActiveCfg = Debug|Any CPU
		{C4DB518B-3380-4DA9-B2BC-A4794C50E791}.Debug|x86.Build.0 = Debug|Any CPU
		{C4DB518B-3380-4DA9-B2BC-A4794C50E791}.Release|Any CPU.ActiveCfg = Release|Any CPU
		{C4DB518B-3380-4DA9-B2BC-A4794C50E791}.Release|Any CPU.Build.0 = Release|Any CPU
		{C4DB518B-3380-4DA9-B2BC-A4794C50E791}.Release|x86.ActiveCfg = Release|Any CPU
		{C4DB518B-3380-4DA9-B2BC-A4794C50E791}.Release|x86.Build.0 = Release|Any CPU
		{6927037A-0299-4ED6-9EDD-9B47EE015C45}.Debug|Any CPU.ActiveCfg = Debug|Any CPU
		{6927037A-0299-4ED6-9EDD-9B47EE015C45}.Debug|Any CPU.Build.0 = Debug|Any CPU
		{6927037A-0299-4ED6-9EDD-9B47EE015C45}.Debug|x86.ActiveCfg = Debug|Any CPU
		{6927037A-0299-4ED6-9EDD-9B47EE015C45}.Debug|x86.Build.0 = Debug|Any CPU
		{6927037A-0299-4ED6-9EDD-9B47EE015C45}.Release|Any CPU.ActiveCfg = Release|Any CPU
		{6927037A-0299-4ED6-9EDD-9B47EE015C45}.Release|Any CPU.Build.0 = Release|Any CPU
		{6927037A-0299-4ED6-9EDD-9B47EE015C45}.Release|x86.ActiveCfg = Release|Any CPU
		{6927037A-0299-4ED6-9EDD-9B47EE015C45}.Release|x86.Build.0 = Release|Any CPU
		{F1CDE011-41B7-449B-9A0F-C15268A470E1}.Debug|Any CPU.ActiveCfg = Debug|Any CPU
		{F1CDE011-41B7-449B-9A0F-C15268A470E1}.Debug|Any CPU.Build.0 = Debug|Any CPU
		{F1CDE011-41B7-449B-9A0F-C15268A470E1}.Debug|x86.ActiveCfg = Debug|Any CPU
		{F1CDE011-41B7-449B-9A0F-C15268A470E1}.Debug|x86.Build.0 = Debug|Any CPU
		{F1CDE011-41B7-449B-9A0F-C15268A470E1}.Release|Any CPU.ActiveCfg = Release|Any CPU
		{F1CDE011-41B7-449B-9A0F-C15268A470E1}.Release|Any CPU.Build.0 = Release|Any CPU
		{F1CDE011-41B7-449B-9A0F-C15268A470E1}.Release|x86.ActiveCfg = Release|Any CPU
		{F1CDE011-41B7-449B-9A0F-C15268A470E1}.Release|x86.Build.0 = Release|Any CPU
		{069CCDE4-F25E-4F70-83AC-0D48E8ACA6BC}.Debug|Any CPU.ActiveCfg = Debug|Any CPU
		{069CCDE4-F25E-4F70-83AC-0D48E8ACA6BC}.Debug|Any CPU.Build.0 = Debug|Any CPU
		{069CCDE4-F25E-4F70-83AC-0D48E8ACA6BC}.Debug|x86.ActiveCfg = Debug|Any CPU
		{069CCDE4-F25E-4F70-83AC-0D48E8ACA6BC}.Debug|x86.Build.0 = Debug|Any CPU
		{069CCDE4-F25E-4F70-83AC-0D48E8ACA6BC}.Release|Any CPU.ActiveCfg = Release|Any CPU
		{069CCDE4-F25E-4F70-83AC-0D48E8ACA6BC}.Release|Any CPU.Build.0 = Release|Any CPU
		{069CCDE4-F25E-4F70-83AC-0D48E8ACA6BC}.Release|x86.ActiveCfg = Release|Any CPU
		{069CCDE4-F25E-4F70-83AC-0D48E8ACA6BC}.Release|x86.Build.0 = Release|Any CPU
		{8E2074BE-5564-4A6A-A001-3EB495FE11FB}.Debug|Any CPU.ActiveCfg = Debug|Any CPU
		{8E2074BE-5564-4A6A-A001-3EB495FE11FB}.Debug|Any CPU.Build.0 = Debug|Any CPU
		{8E2074BE-5564-4A6A-A001-3EB495FE11FB}.Debug|x86.ActiveCfg = Debug|Any CPU
		{8E2074BE-5564-4A6A-A001-3EB495FE11FB}.Debug|x86.Build.0 = Debug|Any CPU
		{8E2074BE-5564-4A6A-A001-3EB495FE11FB}.Release|Any CPU.ActiveCfg = Release|Any CPU
		{8E2074BE-5564-4A6A-A001-3EB495FE11FB}.Release|Any CPU.Build.0 = Release|Any CPU
		{8E2074BE-5564-4A6A-A001-3EB495FE11FB}.Release|x86.ActiveCfg = Release|Any CPU
		{8E2074BE-5564-4A6A-A001-3EB495FE11FB}.Release|x86.Build.0 = Release|Any CPU
		{A41240FB-40C4-4874-8C39-BB632FF7CC0C}.Debug|Any CPU.ActiveCfg = Debug|Any CPU
		{A41240FB-40C4-4874-8C39-BB632FF7CC0C}.Debug|Any CPU.Build.0 = Debug|Any CPU
		{A41240FB-40C4-4874-8C39-BB632FF7CC0C}.Debug|x86.ActiveCfg = Debug|Any CPU
		{A41240FB-40C4-4874-8C39-BB632FF7CC0C}.Debug|x86.Build.0 = Debug|Any CPU
		{A41240FB-40C4-4874-8C39-BB632FF7CC0C}.Release|Any CPU.ActiveCfg = Release|Any CPU
		{A41240FB-40C4-4874-8C39-BB632FF7CC0C}.Release|Any CPU.Build.0 = Release|Any CPU
		{A41240FB-40C4-4874-8C39-BB632FF7CC0C}.Release|x86.ActiveCfg = Release|Any CPU
		{A41240FB-40C4-4874-8C39-BB632FF7CC0C}.Release|x86.Build.0 = Release|Any CPU
		{97725516-1C32-4B2D-9A57-B6768664BB0E}.Debug|Any CPU.ActiveCfg = Debug|Any CPU
		{97725516-1C32-4B2D-9A57-B6768664BB0E}.Debug|Any CPU.Build.0 = Debug|Any CPU
		{97725516-1C32-4B2D-9A57-B6768664BB0E}.Debug|x86.ActiveCfg = Debug|Any CPU
		{97725516-1C32-4B2D-9A57-B6768664BB0E}.Debug|x86.Build.0 = Debug|Any CPU
		{97725516-1C32-4B2D-9A57-B6768664BB0E}.Release|Any CPU.ActiveCfg = Release|Any CPU
		{97725516-1C32-4B2D-9A57-B6768664BB0E}.Release|Any CPU.Build.0 = Release|Any CPU
		{97725516-1C32-4B2D-9A57-B6768664BB0E}.Release|x86.ActiveCfg = Release|Any CPU
		{97725516-1C32-4B2D-9A57-B6768664BB0E}.Release|x86.Build.0 = Release|Any CPU
		{81D1FA15-0688-4C67-B16A-C8D3A2F3A798}.Debug|Any CPU.ActiveCfg = Debug|Any CPU
		{81D1FA15-0688-4C67-B16A-C8D3A2F3A798}.Debug|Any CPU.Build.0 = Debug|Any CPU
		{81D1FA15-0688-4C67-B16A-C8D3A2F3A798}.Debug|x86.ActiveCfg = Debug|Any CPU
		{81D1FA15-0688-4C67-B16A-C8D3A2F3A798}.Debug|x86.Build.0 = Debug|Any CPU
		{81D1FA15-0688-4C67-B16A-C8D3A2F3A798}.Release|Any CPU.ActiveCfg = Release|Any CPU
		{81D1FA15-0688-4C67-B16A-C8D3A2F3A798}.Release|Any CPU.Build.0 = Release|Any CPU
		{81D1FA15-0688-4C67-B16A-C8D3A2F3A798}.Release|x86.ActiveCfg = Release|Any CPU
		{81D1FA15-0688-4C67-B16A-C8D3A2F3A798}.Release|x86.Build.0 = Release|Any CPU
		{6108A51B-4D59-4F82-B3E3-DA9D79097D7E}.Debug|Any CPU.ActiveCfg = Debug|Any CPU
		{6108A51B-4D59-4F82-B3E3-DA9D79097D7E}.Debug|Any CPU.Build.0 = Debug|Any CPU
		{6108A51B-4D59-4F82-B3E3-DA9D79097D7E}.Debug|x86.ActiveCfg = Debug|Any CPU
		{6108A51B-4D59-4F82-B3E3-DA9D79097D7E}.Debug|x86.Build.0 = Debug|Any CPU
		{6108A51B-4D59-4F82-B3E3-DA9D79097D7E}.Release|Any CPU.ActiveCfg = Release|Any CPU
		{6108A51B-4D59-4F82-B3E3-DA9D79097D7E}.Release|Any CPU.Build.0 = Release|Any CPU
		{6108A51B-4D59-4F82-B3E3-DA9D79097D7E}.Release|x86.ActiveCfg = Release|Any CPU
		{6108A51B-4D59-4F82-B3E3-DA9D79097D7E}.Release|x86.Build.0 = Release|Any CPU
		{222A26C2-66FA-4B8F-88E0-E0B863E8122D}.Debug|Any CPU.ActiveCfg = Debug|Any CPU
		{222A26C2-66FA-4B8F-88E0-E0B863E8122D}.Debug|Any CPU.Build.0 = Debug|Any CPU
		{222A26C2-66FA-4B8F-88E0-E0B863E8122D}.Debug|x86.ActiveCfg = Debug|Any CPU
		{222A26C2-66FA-4B8F-88E0-E0B863E8122D}.Debug|x86.Build.0 = Debug|Any CPU
		{222A26C2-66FA-4B8F-88E0-E0B863E8122D}.Release|Any CPU.ActiveCfg = Release|Any CPU
		{222A26C2-66FA-4B8F-88E0-E0B863E8122D}.Release|Any CPU.Build.0 = Release|Any CPU
		{222A26C2-66FA-4B8F-88E0-E0B863E8122D}.Release|x86.ActiveCfg = Release|Any CPU
		{222A26C2-66FA-4B8F-88E0-E0B863E8122D}.Release|x86.Build.0 = Release|Any CPU
		{6271DB0D-89F1-45BC-AABF-833199DA8754}.Debug|Any CPU.ActiveCfg = Debug|Any CPU
		{6271DB0D-89F1-45BC-AABF-833199DA8754}.Debug|Any CPU.Build.0 = Debug|Any CPU
		{6271DB0D-89F1-45BC-AABF-833199DA8754}.Debug|x86.ActiveCfg = Debug|Any CPU
		{6271DB0D-89F1-45BC-AABF-833199DA8754}.Debug|x86.Build.0 = Debug|Any CPU
		{6271DB0D-89F1-45BC-AABF-833199DA8754}.Release|Any CPU.ActiveCfg = Release|Any CPU
		{6271DB0D-89F1-45BC-AABF-833199DA8754}.Release|Any CPU.Build.0 = Release|Any CPU
		{6271DB0D-89F1-45BC-AABF-833199DA8754}.Release|x86.ActiveCfg = Release|Any CPU
		{6271DB0D-89F1-45BC-AABF-833199DA8754}.Release|x86.Build.0 = Release|Any CPU
		{D87096B1-3DE9-4516-9470-6DE6706533AD}.Debug|Any CPU.ActiveCfg = Debug|Any CPU
		{D87096B1-3DE9-4516-9470-6DE6706533AD}.Debug|Any CPU.Build.0 = Debug|Any CPU
		{D87096B1-3DE9-4516-9470-6DE6706533AD}.Debug|x86.ActiveCfg = Debug|Any CPU
		{D87096B1-3DE9-4516-9470-6DE6706533AD}.Debug|x86.Build.0 = Debug|Any CPU
		{D87096B1-3DE9-4516-9470-6DE6706533AD}.Release|Any CPU.ActiveCfg = Release|Any CPU
		{D87096B1-3DE9-4516-9470-6DE6706533AD}.Release|Any CPU.Build.0 = Release|Any CPU
		{D87096B1-3DE9-4516-9470-6DE6706533AD}.Release|x86.ActiveCfg = Release|Any CPU
		{D87096B1-3DE9-4516-9470-6DE6706533AD}.Release|x86.Build.0 = Release|Any CPU
	EndGlobalSection
	GlobalSection(SolutionProperties) = preSolution
		HideSolutionNode = FALSE
	EndGlobalSection
	GlobalSection(NestedProjects) = preSolution
		{56A4F7E6-7C4A-48A2-BC27-78AFE719076F} = {5AA5ACBE-9937-4C16-A3A2-2C890519CB61}
		{C4DB518B-3380-4DA9-B2BC-A4794C50E791} = {04CA0973-D857-4965-9C28-F4408BF7658C}
		{6927037A-0299-4ED6-9EDD-9B47EE015C45} = {C7067F32-F3E0-4E0A-8849-A7D2E0F19160}
		{6929797F-F508-4E20-BC24-61FA32B87A1F} = {C7067F32-F3E0-4E0A-8849-A7D2E0F19160}
		{F1CDE011-41B7-449B-9A0F-C15268A470E1} = {6929797F-F508-4E20-BC24-61FA32B87A1F}
		{069CCDE4-F25E-4F70-83AC-0D48E8ACA6BC} = {6929797F-F508-4E20-BC24-61FA32B87A1F}
		{8E2074BE-5564-4A6A-A001-3EB495FE11FB} = {6929797F-F508-4E20-BC24-61FA32B87A1F}
		{A41240FB-40C4-4874-8C39-BB632FF7CC0C} = {5786C061-17CF-4336-967F-CF42079897E8}
		{97725516-1C32-4B2D-9A57-B6768664BB0E} = {5786C061-17CF-4336-967F-CF42079897E8}
		{81D1FA15-0688-4C67-B16A-C8D3A2F3A798} = {5926DA5B-A74D-4B06-9AC5-CB419746EB64}
		{6108A51B-4D59-4F82-B3E3-DA9D79097D7E} = {5926DA5B-A74D-4B06-9AC5-CB419746EB64}
		{222A26C2-66FA-4B8F-88E0-E0B863E8122D} = {C7067F32-F3E0-4E0A-8849-A7D2E0F19160}
		{6271DB0D-89F1-45BC-AABF-833199DA8754} = {6CA50E98-105B-4742-A624-2ADB8BDB08DC}
		{D87096B1-3DE9-4516-9470-6DE6706533AD} = {B4DF7A01-F9C4-4BFB-8145-A488A347BF6B}
	EndGlobalSection
	GlobalSection(ExtensibilityGlobals) = postSolution
		SolutionGuid = {875EDF48-533B-4143-B7E5-38ABDE9F58C4}
	EndGlobalSection
EndGlobal
